// !$*UTF8*$!
{
	archiveVersion = 1;
	classes = {
	};
	objectVersion = 56;
	objects = {

/* Begin PBXBuildFile section */
		D90A9A7A2CEA5CC000CB08A6 /* CollectionCell.swift in Sources */ = {isa = PBXBuildFile; fileRef = D90A9A792CEA5CC000CB08A6 /* CollectionCell.swift */; };
		D90A9A7C2CEA720900CB08A6 /* CreateCollectionModalView.swift in Sources */ = {isa = PBXBuildFile; fileRef = D90A9A7B2CEA720900CB08A6 /* CreateCollectionModalView.swift */; };
		D90D92A92CD21DF800683B86 /* LoginView.swift in Sources */ = {isa = PBXBuildFile; fileRef = D90D92A82CD21DF800683B86 /* LoginView.swift */; };
		D90D92AB2CD21E3400683B86 /* RegistrationView.swift in Sources */ = {isa = PBXBuildFile; fileRef = D90D92AA2CD21E3400683B86 /* RegistrationView.swift */; };
		D90D92AD2CD2795600683B86 /* GoogleService-Info.plist in Resources */ = {isa = PBXBuildFile; fileRef = D90D92AC2CD2795600683B86 /* GoogleService-Info.plist */; };
		D90D92B02CD281C500683B86 /* FirebaseAuth in Frameworks */ = {isa = PBXBuildFile; productRef = D90D92AF2CD281C500683B86 /* FirebaseAuth */; };
		D90D92B22CD281C500683B86 /* FirebaseDatabase in Frameworks */ = {isa = PBXBuildFile; productRef = D90D92B12CD281C500683B86 /* FirebaseDatabase */; };
		D90D92B42CD281C500683B86 /* FirebaseFirestore in Frameworks */ = {isa = PBXBuildFile; productRef = D90D92B32CD281C500683B86 /* FirebaseFirestore */; };
		D93557482D01035800CCE865 /* GeneratePoemView.swift in Sources */ = {isa = PBXBuildFile; fileRef = D93557472D01035800CCE865 /* GeneratePoemView.swift */; };
		D935574E2D01939400CCE865 /* OpenAISwift in Frameworks */ = {isa = PBXBuildFile; productRef = D935574D2D01939400CCE865 /* OpenAISwift */; };
		D93557502D01C09900CCE865 /* OpenAIAPIClient.swift in Sources */ = {isa = PBXBuildFile; fileRef = D935574F2D01C09900CCE865 /* OpenAIAPIClient.swift */; };
		D93557562D04890A00CCE865 /* Secrets.plist in Resources */ = {isa = PBXBuildFile; fileRef = D93557552D04890A00CCE865 /* Secrets.plist */; };
		D93557582D0489C400CCE865 /* Secrets.swift in Sources */ = {isa = PBXBuildFile; fileRef = D93557572D0489C400CCE865 /* Secrets.swift */; };
		D96280592CB5C1F600AE3F2F /* PoemifyApp.swift in Sources */ = {isa = PBXBuildFile; fileRef = D96280582CB5C1F600AE3F2F /* PoemifyApp.swift */; };
		D962805B2CB5C1F600AE3F2F /* PoemsView.swift in Sources */ = {isa = PBXBuildFile; fileRef = D962805A2CB5C1F600AE3F2F /* PoemsView.swift */; };
		D962805D2CB5C1F700AE3F2F /* Assets.xcassets in Resources */ = {isa = PBXBuildFile; fileRef = D962805C2CB5C1F700AE3F2F /* Assets.xcassets */; };
		D96280602CB5C1F700AE3F2F /* Preview Assets.xcassets in Resources */ = {isa = PBXBuildFile; fileRef = D962805F2CB5C1F700AE3F2F /* Preview Assets.xcassets */; };
		D96280672CB65A9900AE3F2F /* Poem.swift in Sources */ = {isa = PBXBuildFile; fileRef = D96280662CB65A9900AE3F2F /* Poem.swift */; };
		D96280692CB65CA400AE3F2F /* PoemAPIService.swift in Sources */ = {isa = PBXBuildFile; fileRef = D96280682CB65CA400AE3F2F /* PoemAPIService.swift */; };
		D962806B2CB6641200AE3F2F /* PoemCell.swift in Sources */ = {isa = PBXBuildFile; fileRef = D962806A2CB6641200AE3F2F /* PoemCell.swift */; };
		D962806D2CB6647600AE3F2F /* PoemViewModel.swift in Sources */ = {isa = PBXBuildFile; fileRef = D962806C2CB6647600AE3F2F /* PoemViewModel.swift */; };
		D96280762CB69B2700AE3F2F /* PoemDetailView.swift in Sources */ = {isa = PBXBuildFile; fileRef = D96280752CB69B2700AE3F2F /* PoemDetailView.swift */; };
		D96280782CB7E99A00AE3F2F /* ActivityViewController.swift in Sources */ = {isa = PBXBuildFile; fileRef = D96280772CB7E99A00AE3F2F /* ActivityViewController.swift */; };
		D962807C2CB866D300AE3F2F /* MainTabView.swift in Sources */ = {isa = PBXBuildFile; fileRef = D962807B2CB866D300AE3F2F /* MainTabView.swift */; };
		D962807E2CB8880900AE3F2F /* PoemRequestType.swift in Sources */ = {isa = PBXBuildFile; fileRef = D962807D2CB8880900AE3F2F /* PoemRequestType.swift */; };
		D96280802CB88A2C00AE3F2F /* SearchView.swift in Sources */ = {isa = PBXBuildFile; fileRef = D962807F2CB88A2C00AE3F2F /* SearchView.swift */; };
		D96280822CB91E4E00AE3F2F /* SettingsView.swift in Sources */ = {isa = PBXBuildFile; fileRef = D96280812CB91E4E00AE3F2F /* SettingsView.swift */; };
		D9B3E2E02CE6851D002FE097 /* ChangeCredentialsModalView.swift in Sources */ = {isa = PBXBuildFile; fileRef = D9B3E2DF2CE6851D002FE097 /* ChangeCredentialsModalView.swift */; };
		D9B3E2E32CE6AC48002FE097 /* AuthService.swift in Sources */ = {isa = PBXBuildFile; fileRef = D9B3E2E22CE6AC48002FE097 /* AuthService.swift */; };
		D9F019662CC642DB00089CF8 /* PoemCollection.swift in Sources */ = {isa = PBXBuildFile; fileRef = D9F019652CC642DB00089CF8 /* PoemCollection.swift */; };
		D9F019682CC6437B00089CF8 /* PoemCollectionViewModel.swift in Sources */ = {isa = PBXBuildFile; fileRef = D9F019672CC6437B00089CF8 /* PoemCollectionViewModel.swift */; };
		D9F0196B2CC64A8400089CF8 /* CollectionsView.swift in Sources */ = {isa = PBXBuildFile; fileRef = D9F0196A2CC64A8400089CF8 /* CollectionsView.swift */; };
		D9F0196D2CC6504B00089CF8 /* CollectionView.swift in Sources */ = {isa = PBXBuildFile; fileRef = D9F0196C2CC6504B00089CF8 /* CollectionView.swift */; };
		D9F019712CC79EC900089CF8 /* AddToCollectionsView.swift in Sources */ = {isa = PBXBuildFile; fileRef = D9F019702CC79EC900089CF8 /* AddToCollectionsView.swift */; };
		D9F0197D2CCBBBE700089CF8 /* CreatePoemView.swift in Sources */ = {isa = PBXBuildFile; fileRef = D9F0197C2CCBBBE700089CF8 /* CreatePoemView.swift */; };
/* End PBXBuildFile section */

/* Begin PBXFileReference section */
		D90A9A792CEA5CC000CB08A6 /* CollectionCell.swift */ = {isa = PBXFileReference; lastKnownFileType = sourcecode.swift; path = CollectionCell.swift; sourceTree = "<group>"; };
		D90A9A7B2CEA720900CB08A6 /* CreateCollectionModalView.swift */ = {isa = PBXFileReference; lastKnownFileType = sourcecode.swift; path = CreateCollectionModalView.swift; sourceTree = "<group>"; };
		D90D92A82CD21DF800683B86 /* LoginView.swift */ = {isa = PBXFileReference; lastKnownFileType = sourcecode.swift; path = LoginView.swift; sourceTree = "<group>"; };
		D90D92AA2CD21E3400683B86 /* RegistrationView.swift */ = {isa = PBXFileReference; lastKnownFileType = sourcecode.swift; path = RegistrationView.swift; sourceTree = "<group>"; };
		D90D92AC2CD2795600683B86 /* GoogleService-Info.plist */ = {isa = PBXFileReference; fileEncoding = 4; lastKnownFileType = text.plist.xml; path = "GoogleService-Info.plist"; sourceTree = "<group>"; };
		D93557472D01035800CCE865 /* GeneratePoemView.swift */ = {isa = PBXFileReference; lastKnownFileType = sourcecode.swift; path = GeneratePoemView.swift; sourceTree = "<group>"; };
		D935574F2D01C09900CCE865 /* OpenAIAPIClient.swift */ = {isa = PBXFileReference; lastKnownFileType = sourcecode.swift; path = OpenAIAPIClient.swift; sourceTree = "<group>"; };
		D93557552D04890A00CCE865 /* Secrets.plist */ = {isa = PBXFileReference; lastKnownFileType = text.plist.xml; path = Secrets.plist; sourceTree = "<group>"; };
		D93557572D0489C400CCE865 /* Secrets.swift */ = {isa = PBXFileReference; lastKnownFileType = sourcecode.swift; path = Secrets.swift; sourceTree = "<group>"; };
		D96280552CB5C1F600AE3F2F /* Poemify.app */ = {isa = PBXFileReference; explicitFileType = wrapper.application; includeInIndex = 0; path = Poemify.app; sourceTree = BUILT_PRODUCTS_DIR; };
		D96280582CB5C1F600AE3F2F /* PoemifyApp.swift */ = {isa = PBXFileReference; lastKnownFileType = sourcecode.swift; path = PoemifyApp.swift; sourceTree = "<group>"; };
		D962805A2CB5C1F600AE3F2F /* PoemsView.swift */ = {isa = PBXFileReference; lastKnownFileType = sourcecode.swift; path = PoemsView.swift; sourceTree = "<group>"; };
		D962805C2CB5C1F700AE3F2F /* Assets.xcassets */ = {isa = PBXFileReference; lastKnownFileType = folder.assetcatalog; path = Assets.xcassets; sourceTree = "<group>"; };
		D962805F2CB5C1F700AE3F2F /* Preview Assets.xcassets */ = {isa = PBXFileReference; lastKnownFileType = folder.assetcatalog; path = "Preview Assets.xcassets"; sourceTree = "<group>"; };
		D96280662CB65A9900AE3F2F /* Poem.swift */ = {isa = PBXFileReference; lastKnownFileType = sourcecode.swift; path = Poem.swift; sourceTree = "<group>"; };
		D96280682CB65CA400AE3F2F /* PoemAPIService.swift */ = {isa = PBXFileReference; lastKnownFileType = sourcecode.swift; path = PoemAPIService.swift; sourceTree = "<group>"; };
		D962806A2CB6641200AE3F2F /* PoemCell.swift */ = {isa = PBXFileReference; lastKnownFileType = sourcecode.swift; path = PoemCell.swift; sourceTree = "<group>"; };
		D962806C2CB6647600AE3F2F /* PoemViewModel.swift */ = {isa = PBXFileReference; lastKnownFileType = sourcecode.swift; path = PoemViewModel.swift; sourceTree = "<group>"; };
		D96280752CB69B2700AE3F2F /* PoemDetailView.swift */ = {isa = PBXFileReference; lastKnownFileType = sourcecode.swift; path = PoemDetailView.swift; sourceTree = "<group>"; };
		D96280772CB7E99A00AE3F2F /* ActivityViewController.swift */ = {isa = PBXFileReference; lastKnownFileType = sourcecode.swift; path = ActivityViewController.swift; sourceTree = "<group>"; };
		D962807B2CB866D300AE3F2F /* MainTabView.swift */ = {isa = PBXFileReference; lastKnownFileType = sourcecode.swift; path = MainTabView.swift; sourceTree = "<group>"; };
		D962807D2CB8880900AE3F2F /* PoemRequestType.swift */ = {isa = PBXFileReference; lastKnownFileType = sourcecode.swift; path = PoemRequestType.swift; sourceTree = "<group>"; };
		D962807F2CB88A2C00AE3F2F /* SearchView.swift */ = {isa = PBXFileReference; lastKnownFileType = sourcecode.swift; path = SearchView.swift; sourceTree = "<group>"; };
		D96280812CB91E4E00AE3F2F /* SettingsView.swift */ = {isa = PBXFileReference; lastKnownFileType = sourcecode.swift; path = SettingsView.swift; sourceTree = "<group>"; };
		D9729A2A2CD8D09D007891D8 /* Info.plist */ = {isa = PBXFileReference; lastKnownFileType = text.plist; path = Info.plist; sourceTree = "<group>"; };
		D9B3E2DF2CE6851D002FE097 /* ChangeCredentialsModalView.swift */ = {isa = PBXFileReference; lastKnownFileType = sourcecode.swift; path = ChangeCredentialsModalView.swift; sourceTree = "<group>"; };
		D9B3E2E22CE6AC48002FE097 /* AuthService.swift */ = {isa = PBXFileReference; lastKnownFileType = sourcecode.swift; path = AuthService.swift; sourceTree = "<group>"; };
		D9F019652CC642DB00089CF8 /* PoemCollection.swift */ = {isa = PBXFileReference; lastKnownFileType = sourcecode.swift; path = PoemCollection.swift; sourceTree = "<group>"; };
		D9F019672CC6437B00089CF8 /* PoemCollectionViewModel.swift */ = {isa = PBXFileReference; lastKnownFileType = sourcecode.swift; path = PoemCollectionViewModel.swift; sourceTree = "<group>"; };
		D9F0196A2CC64A8400089CF8 /* CollectionsView.swift */ = {isa = PBXFileReference; lastKnownFileType = sourcecode.swift; path = CollectionsView.swift; sourceTree = "<group>"; };
		D9F0196C2CC6504B00089CF8 /* CollectionView.swift */ = {isa = PBXFileReference; lastKnownFileType = sourcecode.swift; path = CollectionView.swift; sourceTree = "<group>"; };
		D9F019702CC79EC900089CF8 /* AddToCollectionsView.swift */ = {isa = PBXFileReference; lastKnownFileType = sourcecode.swift; path = AddToCollectionsView.swift; sourceTree = "<group>"; };
		D9F0197C2CCBBBE700089CF8 /* CreatePoemView.swift */ = {isa = PBXFileReference; lastKnownFileType = sourcecode.swift; path = CreatePoemView.swift; sourceTree = "<group>"; };
/* End PBXFileReference section */

/* Begin PBXFrameworksBuildPhase section */
		D96280522CB5C1F600AE3F2F /* Frameworks */ = {
			isa = PBXFrameworksBuildPhase;
			buildActionMask = 2147483647;
			files = (
				D935574E2D01939400CCE865 /* OpenAISwift in Frameworks */,
				D90D92B22CD281C500683B86 /* FirebaseDatabase in Frameworks */,
				D90D92B02CD281C500683B86 /* FirebaseAuth in Frameworks */,
				D90D92B42CD281C500683B86 /* FirebaseFirestore in Frameworks */,
			);
			runOnlyForDeploymentPostprocessing = 0;
		};
/* End PBXFrameworksBuildPhase section */

/* Begin PBXGroup section */
		D90D92B52CD4FF9700683B86 /* Authentication */ = {
			isa = PBXGroup;
			children = (
				D90D92A82CD21DF800683B86 /* LoginView.swift */,
				D90D92AA2CD21E3400683B86 /* RegistrationView.swift */,
			);
			path = Authentication;
			sourceTree = "<group>";
		};
		D93557462D01030100CCE865 /* Generate */ = {
			isa = PBXGroup;
			children = (
				D93557472D01035800CCE865 /* GeneratePoemView.swift */,
			);
			path = Generate;
			sourceTree = "<group>";
		};
		D93557492D01862100CCE865 /* GeneratePoemViewModel */ = {
			isa = PBXGroup;
			children = (
				D935574F2D01C09900CCE865 /* OpenAIAPIClient.swift */,
			);
			path = GeneratePoemViewModel;
			sourceTree = "<group>";
		};
		D962804C2CB5C1F600AE3F2F = {
			isa = PBXGroup;
			children = (
				D96280572CB5C1F600AE3F2F /* Poemify */,
				D96280562CB5C1F600AE3F2F /* Products */,
			);
			sourceTree = "<group>";
		};
		D96280562CB5C1F600AE3F2F /* Products */ = {
			isa = PBXGroup;
			children = (
				D96280552CB5C1F600AE3F2F /* Poemify.app */,
			);
			name = Products;
			sourceTree = "<group>";
		};
		D96280572CB5C1F600AE3F2F /* Poemify */ = {
			isa = PBXGroup;
			children = (
				D9729A2A2CD8D09D007891D8 /* Info.plist */,
				D96280712CB6778200AE3F2F /* Services */,
				D96280702CB676FD00AE3F2F /* View */,
				D962806F2CB675BD00AE3F2F /* ViewModel */,
				D962806E2CB675AB00AE3F2F /* Models */,
				D96280582CB5C1F600AE3F2F /* PoemifyApp.swift */,
				D962805C2CB5C1F700AE3F2F /* Assets.xcassets */,
				D962805E2CB5C1F700AE3F2F /* Preview Content */,
				D90D92AC2CD2795600683B86 /* GoogleService-Info.plist */,
				D93557552D04890A00CCE865 /* Secrets.plist */,
			);
			path = Poemify;
			sourceTree = "<group>";
		};
		D962805E2CB5C1F700AE3F2F /* Preview Content */ = {
			isa = PBXGroup;
			children = (
				D962805F2CB5C1F700AE3F2F /* Preview Assets.xcassets */,
			);
			path = "Preview Content";
			sourceTree = "<group>";
		};
		D962806E2CB675AB00AE3F2F /* Models */ = {
			isa = PBXGroup;
			children = (
				D9F019652CC642DB00089CF8 /* PoemCollection.swift */,
				D96280662CB65A9900AE3F2F /* Poem.swift */,
			);
			path = Models;
			sourceTree = "<group>";
		};
		D962806F2CB675BD00AE3F2F /* ViewModel */ = {
			isa = PBXGroup;
			children = (
				D93557492D01862100CCE865 /* GeneratePoemViewModel */,
				D9F019792CCBB05A00089CF8 /* Poem */,
				D9F0197A2CCBB06400089CF8 /* Collection */,
			);
			path = ViewModel;
			sourceTree = "<group>";
		};
		D96280702CB676FD00AE3F2F /* View */ = {
			isa = PBXGroup;
			children = (
				D9F0197B2CCBB69100089CF8 /*  CreatePoemView */,
				D9F019762CCBABAE00089CF8 /* Components */,
				D9F019752CCBAA9200089CF8 /* Settings */,
				D9F019722CCB991600089CF8 /* Main */,
				D9F019732CCB9B6C00089CF8 /* Collection */,
				D9F019742CCB9BA800089CF8 /* Search */,
				D90D92B52CD4FF9700683B86 /* Authentication */,
				D93557462D01030100CCE865 /* Generate */,
			);
			path = View;
			sourceTree = "<group>";
		};
		D96280712CB6778200AE3F2F /* Services */ = {
			isa = PBXGroup;
			children = (
				D96280682CB65CA400AE3F2F /* PoemAPIService.swift */,
				D96280772CB7E99A00AE3F2F /* ActivityViewController.swift */,
				D962807D2CB8880900AE3F2F /* PoemRequestType.swift */,
				D9B3E2E22CE6AC48002FE097 /* AuthService.swift */,
				D93557572D0489C400CCE865 /* Secrets.swift */,
			);
			path = Services;
			sourceTree = "<group>";
		};
		D9F019722CCB991600089CF8 /* Main */ = {
			isa = PBXGroup;
			children = (
				D962807B2CB866D300AE3F2F /* MainTabView.swift */,
				D962805A2CB5C1F600AE3F2F /* PoemsView.swift */,
				D96280752CB69B2700AE3F2F /* PoemDetailView.swift */,
			);
			path = Main;
			sourceTree = "<group>";
		};
		D9F019732CCB9B6C00089CF8 /* Collection */ = {
			isa = PBXGroup;
			children = (
				D9F0196A2CC64A8400089CF8 /* CollectionsView.swift */,
				D9F0196C2CC6504B00089CF8 /* CollectionView.swift */,
				D9F019702CC79EC900089CF8 /* AddToCollectionsView.swift */,
				D90A9A792CEA5CC000CB08A6 /* CollectionCell.swift */,
				D90A9A7B2CEA720900CB08A6 /* CreateCollectionModalView.swift */,
			);
			path = Collection;
			sourceTree = "<group>";
		};
		D9F019742CCB9BA800089CF8 /* Search */ = {
			isa = PBXGroup;
			children = (
				D962807F2CB88A2C00AE3F2F /* SearchView.swift */,
			);
			path = Search;
			sourceTree = "<group>";
		};
		D9F019752CCBAA9200089CF8 /* Settings */ = {
			isa = PBXGroup;
			children = (
				D96280812CB91E4E00AE3F2F /* SettingsView.swift */,
				D9B3E2DF2CE6851D002FE097 /* ChangeCredentialsModalView.swift */,
			);
			path = Settings;
			sourceTree = "<group>";
		};
		D9F019762CCBABAE00089CF8 /* Components */ = {
			isa = PBXGroup;
			children = (
				D962806A2CB6641200AE3F2F /* PoemCell.swift */,
			);
			path = Components;
			sourceTree = "<group>";
		};
		D9F019792CCBB05A00089CF8 /* Poem */ = {
			isa = PBXGroup;
			children = (
				D962806C2CB6647600AE3F2F /* PoemViewModel.swift */,
			);
			path = Poem;
			sourceTree = "<group>";
		};
		D9F0197A2CCBB06400089CF8 /* Collection */ = {
			isa = PBXGroup;
			children = (
				D9F019672CC6437B00089CF8 /* PoemCollectionViewModel.swift */,
			);
			path = Collection;
			sourceTree = "<group>";
		};
		D9F0197B2CCBB69100089CF8 /*  CreatePoemView */ = {
			isa = PBXGroup;
			children = (
				D9F0197C2CCBBBE700089CF8 /* CreatePoemView.swift */,
			);
			path = " CreatePoemView";
			sourceTree = "<group>";
		};
/* End PBXGroup section */

/* Begin PBXNativeTarget section */
		D96280542CB5C1F600AE3F2F /* Poemify */ = {
			isa = PBXNativeTarget;
			buildConfigurationList = D96280632CB5C1F700AE3F2F /* Build configuration list for PBXNativeTarget "Poemify" */;
			buildPhases = (
				D96280512CB5C1F600AE3F2F /* Sources */,
				D96280522CB5C1F600AE3F2F /* Frameworks */,
				D96280532CB5C1F600AE3F2F /* Resources */,
			);
			buildRules = (
			);
			dependencies = (
			);
			name = Poemify;
			packageProductDependencies = (
				D90D92AF2CD281C500683B86 /* FirebaseAuth */,
				D90D92B12CD281C500683B86 /* FirebaseDatabase */,
				D90D92B32CD281C500683B86 /* FirebaseFirestore */,
				D935574D2D01939400CCE865 /* OpenAISwift */,
			);
			productName = Poemify;
			productReference = D96280552CB5C1F600AE3F2F /* Poemify.app */;
			productType = "com.apple.product-type.application";
		};
/* End PBXNativeTarget section */

/* Begin PBXProject section */
		D962804D2CB5C1F600AE3F2F /* Project object */ = {
			isa = PBXProject;
			attributes = {
				BuildIndependentTargetsInParallel = 1;
				LastSwiftUpdateCheck = 1500;
				LastUpgradeCheck = 1500;
				TargetAttributes = {
					D96280542CB5C1F600AE3F2F = {
						CreatedOnToolsVersion = 15.0.1;
					};
				};
			};
			buildConfigurationList = D96280502CB5C1F600AE3F2F /* Build configuration list for PBXProject "Poemify" */;
			compatibilityVersion = "Xcode 14.0";
			developmentRegion = en;
			hasScannedForEncodings = 0;
			knownRegions = (
				en,
				Base,
			);
			mainGroup = D962804C2CB5C1F600AE3F2F;
			packageReferences = (
				D90D92AE2CD281C500683B86 /* XCRemoteSwiftPackageReference "firebase-ios-sdk" */,
				D935574C2D01939400CCE865 /* XCRemoteSwiftPackageReference "OpenAISwift" */,
			);
			productRefGroup = D96280562CB5C1F600AE3F2F /* Products */;
			projectDirPath = "";
			projectRoot = "";
			targets = (
				D96280542CB5C1F600AE3F2F /* Poemify */,
			);
		};
/* End PBXProject section */

/* Begin PBXResourcesBuildPhase section */
		D96280532CB5C1F600AE3F2F /* Resources */ = {
			isa = PBXResourcesBuildPhase;
			buildActionMask = 2147483647;
			files = (
				D96280602CB5C1F700AE3F2F /* Preview Assets.xcassets in Resources */,
				D962805D2CB5C1F700AE3F2F /* Assets.xcassets in Resources */,
				D90D92AD2CD2795600683B86 /* GoogleService-Info.plist in Resources */,
				D93557562D04890A00CCE865 /* Secrets.plist in Resources */,
			);
			runOnlyForDeploymentPostprocessing = 0;
		};
/* End PBXResourcesBuildPhase section */

/* Begin PBXSourcesBuildPhase section */
		D96280512CB5C1F600AE3F2F /* Sources */ = {
			isa = PBXSourcesBuildPhase;
			buildActionMask = 2147483647;
			files = (
				D962805B2CB5C1F600AE3F2F /* PoemsView.swift in Sources */,
				D9F019682CC6437B00089CF8 /* PoemCollectionViewModel.swift in Sources */,
				D90A9A7C2CEA720900CB08A6 /* CreateCollectionModalView.swift in Sources */,
				D96280762CB69B2700AE3F2F /* PoemDetailView.swift in Sources */,
				D96280672CB65A9900AE3F2F /* Poem.swift in Sources */,
				D9F019662CC642DB00089CF8 /* PoemCollection.swift in Sources */,
				D9B3E2E32CE6AC48002FE097 /* AuthService.swift in Sources */,
				D9B3E2E02CE6851D002FE097 /* ChangeCredentialsModalView.swift in Sources */,
				D93557582D0489C400CCE865 /* Secrets.swift in Sources */,
				D96280802CB88A2C00AE3F2F /* SearchView.swift in Sources */,
				D9F0196D2CC6504B00089CF8 /* CollectionView.swift in Sources */,
				D93557502D01C09900CCE865 /* OpenAIAPIClient.swift in Sources */,
				D9F0197D2CCBBBE700089CF8 /* CreatePoemView.swift in Sources */,
				D96280782CB7E99A00AE3F2F /* ActivityViewController.swift in Sources */,
				D96280592CB5C1F600AE3F2F /* PoemifyApp.swift in Sources */,
				D962806D2CB6647600AE3F2F /* PoemViewModel.swift in Sources */,
				D9F019712CC79EC900089CF8 /* AddToCollectionsView.swift in Sources */,
				D96280692CB65CA400AE3F2F /* PoemAPIService.swift in Sources */,
				D90A9A7A2CEA5CC000CB08A6 /* CollectionCell.swift in Sources */,
				D93557482D01035800CCE865 /* GeneratePoemView.swift in Sources */,
				D962806B2CB6641200AE3F2F /* PoemCell.swift in Sources */,
				D962807E2CB8880900AE3F2F /* PoemRequestType.swift in Sources */,
				D962807C2CB866D300AE3F2F /* MainTabView.swift in Sources */,
				D90D92A92CD21DF800683B86 /* LoginView.swift in Sources */,
				D96280822CB91E4E00AE3F2F /* SettingsView.swift in Sources */,
				D9F0196B2CC64A8400089CF8 /* CollectionsView.swift in Sources */,
				D90D92AB2CD21E3400683B86 /* RegistrationView.swift in Sources */,
			);
			runOnlyForDeploymentPostprocessing = 0;
		};
/* End PBXSourcesBuildPhase section */

/* Begin XCBuildConfiguration section */
		D96280612CB5C1F700AE3F2F /* Debug */ = {
			isa = XCBuildConfiguration;
			buildSettings = {
				ALWAYS_SEARCH_USER_PATHS = NO;
				ASSETCATALOG_COMPILER_GENERATE_SWIFT_ASSET_SYMBOL_EXTENSIONS = YES;
				CLANG_ANALYZER_NONNULL = YES;
				CLANG_ANALYZER_NUMBER_OBJECT_CONVERSION = YES_AGGRESSIVE;
				CLANG_CXX_LANGUAGE_STANDARD = "gnu++20";
				CLANG_ENABLE_MODULES = YES;
				CLANG_ENABLE_OBJC_ARC = YES;
				CLANG_ENABLE_OBJC_WEAK = YES;
				CLANG_WARN_BLOCK_CAPTURE_AUTORELEASING = YES;
				CLANG_WARN_BOOL_CONVERSION = YES;
				CLANG_WARN_COMMA = YES;
				CLANG_WARN_CONSTANT_CONVERSION = YES;
				CLANG_WARN_DEPRECATED_OBJC_IMPLEMENTATIONS = YES;
				CLANG_WARN_DIRECT_OBJC_ISA_USAGE = YES_ERROR;
				CLANG_WARN_DOCUMENTATION_COMMENTS = YES;
				CLANG_WARN_EMPTY_BODY = YES;
				CLANG_WARN_ENUM_CONVERSION = YES;
				CLANG_WARN_INFINITE_RECURSION = YES;
				CLANG_WARN_INT_CONVERSION = YES;
				CLANG_WARN_NON_LITERAL_NULL_CONVERSION = YES;
				CLANG_WARN_OBJC_IMPLICIT_RETAIN_SELF = YES;
				CLANG_WARN_OBJC_LITERAL_CONVERSION = YES;
				CLANG_WARN_OBJC_ROOT_CLASS = YES_ERROR;
				CLANG_WARN_QUOTED_INCLUDE_IN_FRAMEWORK_HEADER = YES;
				CLANG_WARN_RANGE_LOOP_ANALYSIS = YES;
				CLANG_WARN_STRICT_PROTOTYPES = YES;
				CLANG_WARN_SUSPICIOUS_MOVE = YES;
				CLANG_WARN_UNGUARDED_AVAILABILITY = YES_AGGRESSIVE;
				CLANG_WARN_UNREACHABLE_CODE = YES;
				CLANG_WARN__DUPLICATE_METHOD_MATCH = YES;
				COPY_PHASE_STRIP = NO;
				DEBUG_INFORMATION_FORMAT = dwarf;
				ENABLE_STRICT_OBJC_MSGSEND = YES;
				ENABLE_TESTABILITY = YES;
				ENABLE_USER_SCRIPT_SANDBOXING = YES;
				GCC_C_LANGUAGE_STANDARD = gnu17;
				GCC_DYNAMIC_NO_PIC = NO;
				GCC_NO_COMMON_BLOCKS = YES;
				GCC_OPTIMIZATION_LEVEL = 0;
				GCC_PREPROCESSOR_DEFINITIONS = (
					"DEBUG=1",
					"$(inherited)",
				);
				GCC_WARN_64_TO_32_BIT_CONVERSION = YES;
				GCC_WARN_ABOUT_RETURN_TYPE = YES_ERROR;
				GCC_WARN_UNDECLARED_SELECTOR = YES;
				GCC_WARN_UNINITIALIZED_AUTOS = YES_AGGRESSIVE;
				GCC_WARN_UNUSED_FUNCTION = YES;
				GCC_WARN_UNUSED_VARIABLE = YES;
				IPHONEOS_DEPLOYMENT_TARGET = 17.0;
				LOCALIZATION_PREFERS_STRING_CATALOGS = YES;
				MTL_ENABLE_DEBUG_INFO = INCLUDE_SOURCE;
				MTL_FAST_MATH = YES;
				ONLY_ACTIVE_ARCH = YES;
				SDKROOT = iphoneos;
				SWIFT_ACTIVE_COMPILATION_CONDITIONS = "DEBUG $(inherited)";
				SWIFT_OPTIMIZATION_LEVEL = "-Onone";
			};
			name = Debug;
		};
		D96280622CB5C1F700AE3F2F /* Release */ = {
			isa = XCBuildConfiguration;
			buildSettings = {
				ALWAYS_SEARCH_USER_PATHS = NO;
				ASSETCATALOG_COMPILER_GENERATE_SWIFT_ASSET_SYMBOL_EXTENSIONS = YES;
				CLANG_ANALYZER_NONNULL = YES;
				CLANG_ANALYZER_NUMBER_OBJECT_CONVERSION = YES_AGGRESSIVE;
				CLANG_CXX_LANGUAGE_STANDARD = "gnu++20";
				CLANG_ENABLE_MODULES = YES;
				CLANG_ENABLE_OBJC_ARC = YES;
				CLANG_ENABLE_OBJC_WEAK = YES;
				CLANG_WARN_BLOCK_CAPTURE_AUTORELEASING = YES;
				CLANG_WARN_BOOL_CONVERSION = YES;
				CLANG_WARN_COMMA = YES;
				CLANG_WARN_CONSTANT_CONVERSION = YES;
				CLANG_WARN_DEPRECATED_OBJC_IMPLEMENTATIONS = YES;
				CLANG_WARN_DIRECT_OBJC_ISA_USAGE = YES_ERROR;
				CLANG_WARN_DOCUMENTATION_COMMENTS = YES;
				CLANG_WARN_EMPTY_BODY = YES;
				CLANG_WARN_ENUM_CONVERSION = YES;
				CLANG_WARN_INFINITE_RECURSION = YES;
				CLANG_WARN_INT_CONVERSION = YES;
				CLANG_WARN_NON_LITERAL_NULL_CONVERSION = YES;
				CLANG_WARN_OBJC_IMPLICIT_RETAIN_SELF = YES;
				CLANG_WARN_OBJC_LITERAL_CONVERSION = YES;
				CLANG_WARN_OBJC_ROOT_CLASS = YES_ERROR;
				CLANG_WARN_QUOTED_INCLUDE_IN_FRAMEWORK_HEADER = YES;
				CLANG_WARN_RANGE_LOOP_ANALYSIS = YES;
				CLANG_WARN_STRICT_PROTOTYPES = YES;
				CLANG_WARN_SUSPICIOUS_MOVE = YES;
				CLANG_WARN_UNGUARDED_AVAILABILITY = YES_AGGRESSIVE;
				CLANG_WARN_UNREACHABLE_CODE = YES;
				CLANG_WARN__DUPLICATE_METHOD_MATCH = YES;
				COPY_PHASE_STRIP = NO;
				DEBUG_INFORMATION_FORMAT = "dwarf-with-dsym";
				ENABLE_NS_ASSERTIONS = NO;
				ENABLE_STRICT_OBJC_MSGSEND = YES;
				ENABLE_USER_SCRIPT_SANDBOXING = YES;
				GCC_C_LANGUAGE_STANDARD = gnu17;
				GCC_NO_COMMON_BLOCKS = YES;
				GCC_WARN_64_TO_32_BIT_CONVERSION = YES;
				GCC_WARN_ABOUT_RETURN_TYPE = YES_ERROR;
				GCC_WARN_UNDECLARED_SELECTOR = YES;
				GCC_WARN_UNINITIALIZED_AUTOS = YES_AGGRESSIVE;
				GCC_WARN_UNUSED_FUNCTION = YES;
				GCC_WARN_UNUSED_VARIABLE = YES;
				IPHONEOS_DEPLOYMENT_TARGET = 17.0;
				LOCALIZATION_PREFERS_STRING_CATALOGS = YES;
				MTL_ENABLE_DEBUG_INFO = NO;
				MTL_FAST_MATH = YES;
				SDKROOT = iphoneos;
				SWIFT_COMPILATION_MODE = wholemodule;
				VALIDATE_PRODUCT = YES;
			};
			name = Release;
		};
		D96280642CB5C1F700AE3F2F /* Debug */ = {
			isa = XCBuildConfiguration;
			buildSettings = {
				ASSETCATALOG_COMPILER_APPICON_NAME = AppIcon;
				ASSETCATALOG_COMPILER_GLOBAL_ACCENT_COLOR_NAME = AccentColor;
				CODE_SIGN_STYLE = Automatic;
				CURRENT_PROJECT_VERSION = 1;
				DEVELOPMENT_ASSET_PATHS = "\"Poemify/Preview Content\"";
				DEVELOPMENT_TEAM = VY5J3YN9DS;
				ENABLE_PREVIEWS = YES;
				GENERATE_INFOPLIST_FILE = YES;
				INFOPLIST_FILE = Poemify/Info.plist;
				INFOPLIST_KEY_UIApplicationSceneManifest_Generation = YES;
				INFOPLIST_KEY_UIApplicationSupportsIndirectInputEvents = YES;
				INFOPLIST_KEY_UILaunchScreen_Generation = YES;
				INFOPLIST_KEY_UISupportedInterfaceOrientations = UIInterfaceOrientationPortrait;
				LD_RUNPATH_SEARCH_PATHS = (
					"$(inherited)",
					"@executable_path/Frameworks",
				);
				MARKETING_VERSION = 1.0;
				PRODUCT_BUNDLE_IDENTIFIER = me.doloban.artem.Poemify;
				PRODUCT_NAME = "$(TARGET_NAME)";
				SWIFT_EMIT_LOC_STRINGS = YES;
				SWIFT_VERSION = 5.0;
				TARGETED_DEVICE_FAMILY = "1,2";
			};
			name = Debug;
		};
		D96280652CB5C1F700AE3F2F /* Release */ = {
			isa = XCBuildConfiguration;
			buildSettings = {
				ASSETCATALOG_COMPILER_APPICON_NAME = AppIcon;
				ASSETCATALOG_COMPILER_GLOBAL_ACCENT_COLOR_NAME = AccentColor;
				CODE_SIGN_STYLE = Automatic;
				CURRENT_PROJECT_VERSION = 1;
				DEVELOPMENT_ASSET_PATHS = "\"Poemify/Preview Content\"";
				DEVELOPMENT_TEAM = VY5J3YN9DS;
				ENABLE_PREVIEWS = YES;
				GENERATE_INFOPLIST_FILE = YES;
				INFOPLIST_FILE = Poemify/Info.plist;
				INFOPLIST_KEY_UIApplicationSceneManifest_Generation = YES;
				INFOPLIST_KEY_UIApplicationSupportsIndirectInputEvents = YES;
				INFOPLIST_KEY_UILaunchScreen_Generation = YES;
				INFOPLIST_KEY_UISupportedInterfaceOrientations = UIInterfaceOrientationPortrait;
				LD_RUNPATH_SEARCH_PATHS = (
					"$(inherited)",
					"@executable_path/Frameworks",
				);
				MARKETING_VERSION = 1.0;
				PRODUCT_BUNDLE_IDENTIFIER = me.doloban.artem.Poemify;
				PRODUCT_NAME = "$(TARGET_NAME)";
				SWIFT_EMIT_LOC_STRINGS = YES;
				SWIFT_VERSION = 5.0;
				TARGETED_DEVICE_FAMILY = "1,2";
			};
			name = Release;
		};
/* End XCBuildConfiguration section */

/* Begin XCConfigurationList section */
		D96280502CB5C1F600AE3F2F /* Build configuration list for PBXProject "Poemify" */ = {
			isa = XCConfigurationList;
			buildConfigurations = (
				D96280612CB5C1F700AE3F2F /* Debug */,
				D96280622CB5C1F700AE3F2F /* Release */,
			);
			defaultConfigurationIsVisible = 0;
			defaultConfigurationName = Release;
		};
		D96280632CB5C1F700AE3F2F /* Build configuration list for PBXNativeTarget "Poemify" */ = {
			isa = XCConfigurationList;
			buildConfigurations = (
				D96280642CB5C1F700AE3F2F /* Debug */,
				D96280652CB5C1F700AE3F2F /* Release */,
			);
			defaultConfigurationIsVisible = 0;
			defaultConfigurationName = Release;
		};
/* End XCConfigurationList section */

/* Begin XCRemoteSwiftPackageReference section */
		D90D92AE2CD281C500683B86 /* XCRemoteSwiftPackageReference "firebase-ios-sdk" */ = {
			isa = XCRemoteSwiftPackageReference;
			repositoryURL = "https://github.com/firebase/firebase-ios-sdk";
			requirement = {
				kind = upToNextMajorVersion;
				minimumVersion = 11.4.0;
			};
		};
		D935574C2D01939400CCE865 /* XCRemoteSwiftPackageReference "OpenAISwift" */ = {
			isa = XCRemoteSwiftPackageReference;
			repositoryURL = "https://github.com/adamrushy/OpenAISwift.git";
			requirement = {
				kind = upToNextMajorVersion;
				minimumVersion = 1.4.1;
			};
		};
/* End XCRemoteSwiftPackageReference section */

/* Begin XCSwiftPackageProductDependency section */
		D90D92AF2CD281C500683B86 /* FirebaseAuth */ = {
			isa = XCSwiftPackageProductDependency;
			package = D90D92AE2CD281C500683B86 /* XCRemoteSwiftPackageReference "firebase-ios-sdk" */;
			productName = FirebaseAuth;
		};
		D90D92B12CD281C500683B86 /* FirebaseDatabase */ = {
			isa = XCSwiftPackageProductDependency;
			package = D90D92AE2CD281C500683B86 /* XCRemoteSwiftPackageReference "firebase-ios-sdk" */;
			productName = FirebaseDatabase;
		};
		D90D92B32CD281C500683B86 /* FirebaseFirestore */ = {
			isa = XCSwiftPackageProductDependency;
			package = D90D92AE2CD281C500683B86 /* XCRemoteSwiftPackageReference "firebase-ios-sdk" */;
			productName = FirebaseFirestore;
		};
		D935574D2D01939400CCE865 /* OpenAISwift */ = {
			isa = XCSwiftPackageProductDependency;
			package = D935574C2D01939400CCE865 /* XCRemoteSwiftPackageReference "OpenAISwift" */;
			productName = OpenAISwift;
		};
/* End XCSwiftPackageProductDependency section */
	};
	rootObject = D962804D2CB5C1F600AE3F2F /* Project object */;
}
