// !$*UTF8*$!
{
	archiveVersion = 1;
	classes = {
	};
	objectVersion = 56;
	objects = {

/* Begin PBXBuildFile section */
		D96280592CB5C1F600AE3F2F /* PoemifyApp.swift in Sources */ = {isa = PBXBuildFile; fileRef = D96280582CB5C1F600AE3F2F /* PoemifyApp.swift */; };
		D962805B2CB5C1F600AE3F2F /* ContentView.swift in Sources */ = {isa = PBXBuildFile; fileRef = D962805A2CB5C1F600AE3F2F /* ContentView.swift */; };
		D962805D2CB5C1F700AE3F2F /* Assets.xcassets in Resources */ = {isa = PBXBuildFile; fileRef = D962805C2CB5C1F700AE3F2F /* Assets.xcassets */; };
		D96280602CB5C1F700AE3F2F /* Preview Assets.xcassets in Resources */ = {isa = PBXBuildFile; fileRef = D962805F2CB5C1F700AE3F2F /* Preview Assets.xcassets */; };
		D96280672CB65A9900AE3F2F /* Poem.swift in Sources */ = {isa = PBXBuildFile; fileRef = D96280662CB65A9900AE3F2F /* Poem.swift */; };
		D96280692CB65CA400AE3F2F /* PoemAPIService.swift in Sources */ = {isa = PBXBuildFile; fileRef = D96280682CB65CA400AE3F2F /* PoemAPIService.swift */; };
		D962806B2CB6641200AE3F2F /* PoemCell.swift in Sources */ = {isa = PBXBuildFile; fileRef = D962806A2CB6641200AE3F2F /* PoemCell.swift */; };
		D962806D2CB6647600AE3F2F /* PoemViewModel.swift in Sources */ = {isa = PBXBuildFile; fileRef = D962806C2CB6647600AE3F2F /* PoemViewModel.swift */; };
		D96280762CB69B2700AE3F2F /* PoemDetailView.swift in Sources */ = {isa = PBXBuildFile; fileRef = D96280752CB69B2700AE3F2F /* PoemDetailView.swift */; };
		D96280782CB7E99A00AE3F2F /* ActivityViewController.swift in Sources */ = {isa = PBXBuildFile; fileRef = D96280772CB7E99A00AE3F2F /* ActivityViewController.swift */; };
		D962807A2CB860CD00AE3F2F /* SavedPoemsView.swift in Sources */ = {isa = PBXBuildFile; fileRef = D96280792CB860CD00AE3F2F /* SavedPoemsView.swift */; };
		D962807C2CB866D300AE3F2F /* MainTabView.swift in Sources */ = {isa = PBXBuildFile; fileRef = D962807B2CB866D300AE3F2F /* MainTabView.swift */; };
		D962807E2CB8880900AE3F2F /* PoemRequestType.swift in Sources */ = {isa = PBXBuildFile; fileRef = D962807D2CB8880900AE3F2F /* PoemRequestType.swift */; };
		D96280802CB88A2C00AE3F2F /* SearchView.swift in Sources */ = {isa = PBXBuildFile; fileRef = D962807F2CB88A2C00AE3F2F /* SearchView.swift */; };
		D96280822CB91E4E00AE3F2F /* SettingsView.swift in Sources */ = {isa = PBXBuildFile; fileRef = D96280812CB91E4E00AE3F2F /* SettingsView.swift */; };
/* End PBXBuildFile section */

/* Begin PBXFileReference section */
		D96280552CB5C1F600AE3F2F /* Poemify.app */ = {isa = PBXFileReference; explicitFileType = wrapper.application; includeInIndex = 0; path = Poemify.app; sourceTree = BUILT_PRODUCTS_DIR; };
		D96280582CB5C1F600AE3F2F /* PoemifyApp.swift */ = {isa = PBXFileReference; lastKnownFileType = sourcecode.swift; path = PoemifyApp.swift; sourceTree = "<group>"; };
		D962805A2CB5C1F600AE3F2F /* ContentView.swift */ = {isa = PBXFileReference; lastKnownFileType = sourcecode.swift; path = ContentView.swift; sourceTree = "<group>"; };
		D962805C2CB5C1F700AE3F2F /* Assets.xcassets */ = {isa = PBXFileReference; lastKnownFileType = folder.assetcatalog; path = Assets.xcassets; sourceTree = "<group>"; };
		D962805F2CB5C1F700AE3F2F /* Preview Assets.xcassets */ = {isa = PBXFileReference; lastKnownFileType = folder.assetcatalog; path = "Preview Assets.xcassets"; sourceTree = "<group>"; };
		D96280662CB65A9900AE3F2F /* Poem.swift */ = {isa = PBXFileReference; lastKnownFileType = sourcecode.swift; path = Poem.swift; sourceTree = "<group>"; };
		D96280682CB65CA400AE3F2F /* PoemAPIService.swift */ = {isa = PBXFileReference; lastKnownFileType = sourcecode.swift; path = PoemAPIService.swift; sourceTree = "<group>"; };
		D962806A2CB6641200AE3F2F /* PoemCell.swift */ = {isa = PBXFileReference; lastKnownFileType = sourcecode.swift; path = PoemCell.swift; sourceTree = "<group>"; };
		D962806C2CB6647600AE3F2F /* PoemViewModel.swift */ = {isa = PBXFileReference; lastKnownFileType = sourcecode.swift; path = PoemViewModel.swift; sourceTree = "<group>"; };
		D96280752CB69B2700AE3F2F /* PoemDetailView.swift */ = {isa = PBXFileReference; lastKnownFileType = sourcecode.swift; path = PoemDetailView.swift; sourceTree = "<group>"; };
		D96280772CB7E99A00AE3F2F /* ActivityViewController.swift */ = {isa = PBXFileReference; lastKnownFileType = sourcecode.swift; path = ActivityViewController.swift; sourceTree = "<group>"; };
		D96280792CB860CD00AE3F2F /* SavedPoemsView.swift */ = {isa = PBXFileReference; lastKnownFileType = sourcecode.swift; path = SavedPoemsView.swift; sourceTree = "<group>"; };
		D962807B2CB866D300AE3F2F /* MainTabView.swift */ = {isa = PBXFileReference; lastKnownFileType = sourcecode.swift; path = MainTabView.swift; sourceTree = "<group>"; };
		D962807D2CB8880900AE3F2F /* PoemRequestType.swift */ = {isa = PBXFileReference; lastKnownFileType = sourcecode.swift; path = PoemRequestType.swift; sourceTree = "<group>"; };
		D962807F2CB88A2C00AE3F2F /* SearchView.swift */ = {isa = PBXFileReference; lastKnownFileType = sourcecode.swift; path = SearchView.swift; sourceTree = "<group>"; };
		D96280812CB91E4E00AE3F2F /* SettingsView.swift */ = {isa = PBXFileReference; lastKnownFileType = sourcecode.swift; path = SettingsView.swift; sourceTree = "<group>"; };
/* End PBXFileReference section */

/* Begin PBXFrameworksBuildPhase section */
		D96280522CB5C1F600AE3F2F /* Frameworks */ = {
			isa = PBXFrameworksBuildPhase;
			buildActionMask = 2147483647;
			files = (
			);
			runOnlyForDeploymentPostprocessing = 0;
		};
/* End PBXFrameworksBuildPhase section */

/* Begin PBXGroup section */
		D962804C2CB5C1F600AE3F2F = {
			isa = PBXGroup;
			children = (
				D96280572CB5C1F600AE3F2F /* Poemify */,
				D96280562CB5C1F600AE3F2F /* Products */,
			);
			sourceTree = "<group>";
		};
		D96280562CB5C1F600AE3F2F /* Products */ = {
			isa = PBXGroup;
			children = (
				D96280552CB5C1F600AE3F2F /* Poemify.app */,
			);
			name = Products;
			sourceTree = "<group>";
		};
		D96280572CB5C1F600AE3F2F /* Poemify */ = {
			isa = PBXGroup;
			children = (
				D96280712CB6778200AE3F2F /* Services */,
				D96280702CB676FD00AE3F2F /* View */,
				D962806F2CB675BD00AE3F2F /* ViewModel */,
				D962806E2CB675AB00AE3F2F /* Models */,
				D96280582CB5C1F600AE3F2F /* PoemifyApp.swift */,
				D962805C2CB5C1F700AE3F2F /* Assets.xcassets */,
				D962805E2CB5C1F700AE3F2F /* Preview Content */,
			);
			path = Poemify;
			sourceTree = "<group>";
		};
		D962805E2CB5C1F700AE3F2F /* Preview Content */ = {
			isa = PBXGroup;
			children = (
				D962805F2CB5C1F700AE3F2F /* Preview Assets.xcassets */,
			);
			path = "Preview Content";
			sourceTree = "<group>";
		};
		D962806E2CB675AB00AE3F2F /* Models */ = {
			isa = PBXGroup;
			children = (
				D96280662CB65A9900AE3F2F /* Poem.swift */,
			);
			path = Models;
			sourceTree = "<group>";
		};
		D962806F2CB675BD00AE3F2F /* ViewModel */ = {
			isa = PBXGroup;
			children = (
				D962806C2CB6647600AE3F2F /* PoemViewModel.swift */,
			);
			path = ViewModel;
			sourceTree = "<group>";
		};
		D96280702CB676FD00AE3F2F /* View */ = {
			isa = PBXGroup;
			children = (
				D962806A2CB6641200AE3F2F /* PoemCell.swift */,
				D962805A2CB5C1F600AE3F2F /* ContentView.swift */,
				D96280752CB69B2700AE3F2F /* PoemDetailView.swift */,
				D96280792CB860CD00AE3F2F /* SavedPoemsView.swift */,
				D962807B2CB866D300AE3F2F /* MainTabView.swift */,
				D962807F2CB88A2C00AE3F2F /* SearchView.swift */,
				D96280812CB91E4E00AE3F2F /* SettingsView.swift */,
			);
			path = View;
			sourceTree = "<group>";
		};
		D96280712CB6778200AE3F2F /* Services */ = {
			isa = PBXGroup;
			children = (
				D96280682CB65CA400AE3F2F /* PoemAPIService.swift */,
				D96280772CB7E99A00AE3F2F /* ActivityViewController.swift */,
				D962807D2CB8880900AE3F2F /* PoemRequestType.swift */,
			);
			path = Services;
			sourceTree = "<group>";
		};
/* End PBXGroup section */

/* Begin PBXNativeTarget section */
		D96280542CB5C1F600AE3F2F /* Poemify */ = {
			isa = PBXNativeTarget;
			buildConfigurationList = D96280632CB5C1F700AE3F2F /* Build configuration list for PBXNativeTarget "Poemify" */;
			buildPhases = (
				D96280512CB5C1F600AE3F2F /* Sources */,
				D96280522CB5C1F600AE3F2F /* Frameworks */,
				D96280532CB5C1F600AE3F2F /* Resources */,
			);
			buildRules = (
			);
			dependencies = (
			);
			name = Poemify;
			productName = Poemify;
			productReference = D96280552CB5C1F600AE3F2F /* Poemify.app */;
			productType = "com.apple.product-type.application";
		};
/* End PBXNativeTarget section */

/* Begin PBXProject section */
		D962804D2CB5C1F600AE3F2F /* Project object */ = {
			isa = PBXProject;
			attributes = {
				BuildIndependentTargetsInParallel = 1;
				LastSwiftUpdateCheck = 1500;
				LastUpgradeCheck = 1500;
				TargetAttributes = {
					D96280542CB5C1F600AE3F2F = {
						CreatedOnToolsVersion = 15.0.1;
					};
				};
			};
			buildConfigurationList = D96280502CB5C1F600AE3F2F /* Build configuration list for PBXProject "Poemify" */;
			compatibilityVersion = "Xcode 14.0";
			developmentRegion = en;
			hasScannedForEncodings = 0;
			knownRegions = (
				en,
				Base,
			);
			mainGroup = D962804C2CB5C1F600AE3F2F;
			productRefGroup = D96280562CB5C1F600AE3F2F /* Products */;
			projectDirPath = "";
			projectRoot = "";
			targets = (
				D96280542CB5C1F600AE3F2F /* Poemify */,
			);
		};
/* End PBXProject section */

/* Begin PBXResourcesBuildPhase section */
		D96280532CB5C1F600AE3F2F /* Resources */ = {
			isa = PBXResourcesBuildPhase;
			buildActionMask = 2147483647;
			files = (
				D96280602CB5C1F700AE3F2F /* Preview Assets.xcassets in Resources */,
				D962805D2CB5C1F700AE3F2F /* Assets.xcassets in Resources */,
			);
			runOnlyForDeploymentPostprocessing = 0;
		};
/* End PBXResourcesBuildPhase section */

/* Begin PBXSourcesBuildPhase section */
		D96280512CB5C1F600AE3F2F /* Sources */ = {
			isa = PBXSourcesBuildPhase;
			buildActionMask = 2147483647;
			files = (
				D962805B2CB5C1F600AE3F2F /* ContentView.swift in Sources */,
				D962807A2CB860CD00AE3F2F /* SavedPoemsView.swift in Sources */,
				D96280762CB69B2700AE3F2F /* PoemDetailView.swift in Sources */,
				D96280672CB65A9900AE3F2F /* Poem.swift in Sources */,
				D96280802CB88A2C00AE3F2F /* SearchView.swift in Sources */,
				D96280782CB7E99A00AE3F2F /* ActivityViewController.swift in Sources */,
				D96280592CB5C1F600AE3F2F /* PoemifyApp.swift in Sources */,
				D962806D2CB6647600AE3F2F /* PoemViewModel.swift in Sources */,
				D96280692CB65CA400AE3F2F /* PoemAPIService.swift in Sources */,
				D962806B2CB6641200AE3F2F /* PoemCell.swift in Sources */,
				D962807E2CB8880900AE3F2F /* PoemRequestType.swift in Sources */,
				D962807C2CB866D300AE3F2F /* MainTabView.swift in Sources */,
				D96280822CB91E4E00AE3F2F /* SettingsView.swift in Sources */,
			);
			runOnlyForDeploymentPostprocessing = 0;
		};
/* End PBXSourcesBuildPhase section */

/* Begin XCBuildConfiguration section */
		D96280612CB5C1F700AE3F2F /* Debug */ = {
			isa = XCBuildConfiguration;
			buildSettings = {
				ALWAYS_SEARCH_USER_PATHS = NO;
				ASSETCATALOG_COMPILER_GENERATE_SWIFT_ASSET_SYMBOL_EXTENSIONS = YES;
				CLANG_ANALYZER_NONNULL = YES;
				CLANG_ANALYZER_NUMBER_OBJECT_CONVERSION = YES_AGGRESSIVE;
				CLANG_CXX_LANGUAGE_STANDARD = "gnu++20";
				CLANG_ENABLE_MODULES = YES;
				CLANG_ENABLE_OBJC_ARC = YES;
				CLANG_ENABLE_OBJC_WEAK = YES;
				CLANG_WARN_BLOCK_CAPTURE_AUTORELEASING = YES;
				CLANG_WARN_BOOL_CONVERSION = YES;
				CLANG_WARN_COMMA = YES;
				CLANG_WARN_CONSTANT_CONVERSION = YES;
				CLANG_WARN_DEPRECATED_OBJC_IMPLEMENTATIONS = YES;
				CLANG_WARN_DIRECT_OBJC_ISA_USAGE = YES_ERROR;
				CLANG_WARN_DOCUMENTATION_COMMENTS = YES;
				CLANG_WARN_EMPTY_BODY = YES;
				CLANG_WARN_ENUM_CONVERSION = YES;
				CLANG_WARN_INFINITE_RECURSION = YES;
				CLANG_WARN_INT_CONVERSION = YES;
				CLANG_WARN_NON_LITERAL_NULL_CONVERSION = YES;
				CLANG_WARN_OBJC_IMPLICIT_RETAIN_SELF = YES;
				CLANG_WARN_OBJC_LITERAL_CONVERSION = YES;
				CLANG_WARN_OBJC_ROOT_CLASS = YES_ERROR;
				CLANG_WARN_QUOTED_INCLUDE_IN_FRAMEWORK_HEADER = YES;
				CLANG_WARN_RANGE_LOOP_ANALYSIS = YES;
				CLANG_WARN_STRICT_PROTOTYPES = YES;
				CLANG_WARN_SUSPICIOUS_MOVE = YES;
				CLANG_WARN_UNGUARDED_AVAILABILITY = YES_AGGRESSIVE;
				CLANG_WARN_UNREACHABLE_CODE = YES;
				CLANG_WARN__DUPLICATE_METHOD_MATCH = YES;
				COPY_PHASE_STRIP = NO;
				DEBUG_INFORMATION_FORMAT = dwarf;
				ENABLE_STRICT_OBJC_MSGSEND = YES;
				ENABLE_TESTABILITY = YES;
				ENABLE_USER_SCRIPT_SANDBOXING = YES;
				GCC_C_LANGUAGE_STANDARD = gnu17;
				GCC_DYNAMIC_NO_PIC = NO;
				GCC_NO_COMMON_BLOCKS = YES;
				GCC_OPTIMIZATION_LEVEL = 0;
				GCC_PREPROCESSOR_DEFINITIONS = (
					"DEBUG=1",
					"$(inherited)",
				);
				GCC_WARN_64_TO_32_BIT_CONVERSION = YES;
				GCC_WARN_ABOUT_RETURN_TYPE = YES_ERROR;
				GCC_WARN_UNDECLARED_SELECTOR = YES;
				GCC_WARN_UNINITIALIZED_AUTOS = YES_AGGRESSIVE;
				GCC_WARN_UNUSED_FUNCTION = YES;
				GCC_WARN_UNUSED_VARIABLE = YES;
				IPHONEOS_DEPLOYMENT_TARGET = 17.0;
				LOCALIZATION_PREFERS_STRING_CATALOGS = YES;
				MTL_ENABLE_DEBUG_INFO = INCLUDE_SOURCE;
				MTL_FAST_MATH = YES;
				ONLY_ACTIVE_ARCH = YES;
				SDKROOT = iphoneos;
				SWIFT_ACTIVE_COMPILATION_CONDITIONS = "DEBUG $(inherited)";
				SWIFT_OPTIMIZATION_LEVEL = "-Onone";
			};
			name = Debug;
		};
		D96280622CB5C1F700AE3F2F /* Release */ = {
			isa = XCBuildConfiguration;
			buildSettings = {
				ALWAYS_SEARCH_USER_PATHS = NO;
				ASSETCATALOG_COMPILER_GENERATE_SWIFT_ASSET_SYMBOL_EXTENSIONS = YES;
				CLANG_ANALYZER_NONNULL = YES;
				CLANG_ANALYZER_NUMBER_OBJECT_CONVERSION = YES_AGGRESSIVE;
				CLANG_CXX_LANGUAGE_STANDARD = "gnu++20";
				CLANG_ENABLE_MODULES = YES;
				CLANG_ENABLE_OBJC_ARC = YES;
				CLANG_ENABLE_OBJC_WEAK = YES;
				CLANG_WARN_BLOCK_CAPTURE_AUTORELEASING = YES;
				CLANG_WARN_BOOL_CONVERSION = YES;
				CLANG_WARN_COMMA = YES;
				CLANG_WARN_CONSTANT_CONVERSION = YES;
				CLANG_WARN_DEPRECATED_OBJC_IMPLEMENTATIONS = YES;
				CLANG_WARN_DIRECT_OBJC_ISA_USAGE = YES_ERROR;
				CLANG_WARN_DOCUMENTATION_COMMENTS = YES;
				CLANG_WARN_EMPTY_BODY = YES;
				CLANG_WARN_ENUM_CONVERSION = YES;
				CLANG_WARN_INFINITE_RECURSION = YES;
				CLANG_WARN_INT_CONVERSION = YES;
				CLANG_WARN_NON_LITERAL_NULL_CONVERSION = YES;
				CLANG_WARN_OBJC_IMPLICIT_RETAIN_SELF = YES;
				CLANG_WARN_OBJC_LITERAL_CONVERSION = YES;
				CLANG_WARN_OBJC_ROOT_CLASS = YES_ERROR;
				CLANG_WARN_QUOTED_INCLUDE_IN_FRAMEWORK_HEADER = YES;
				CLANG_WARN_RANGE_LOOP_ANALYSIS = YES;
				CLANG_WARN_STRICT_PROTOTYPES = YES;
				CLANG_WARN_SUSPICIOUS_MOVE = YES;
				CLANG_WARN_UNGUARDED_AVAILABILITY = YES_AGGRESSIVE;
				CLANG_WARN_UNREACHABLE_CODE = YES;
				CLANG_WARN__DUPLICATE_METHOD_MATCH = YES;
				COPY_PHASE_STRIP = NO;
				DEBUG_INFORMATION_FORMAT = "dwarf-with-dsym";
				ENABLE_NS_ASSERTIONS = NO;
				ENABLE_STRICT_OBJC_MSGSEND = YES;
				ENABLE_USER_SCRIPT_SANDBOXING = YES;
				GCC_C_LANGUAGE_STANDARD = gnu17;
				GCC_NO_COMMON_BLOCKS = YES;
				GCC_WARN_64_TO_32_BIT_CONVERSION = YES;
				GCC_WARN_ABOUT_RETURN_TYPE = YES_ERROR;
				GCC_WARN_UNDECLARED_SELECTOR = YES;
				GCC_WARN_UNINITIALIZED_AUTOS = YES_AGGRESSIVE;
				GCC_WARN_UNUSED_FUNCTION = YES;
				GCC_WARN_UNUSED_VARIABLE = YES;
				IPHONEOS_DEPLOYMENT_TARGET = 17.0;
				LOCALIZATION_PREFERS_STRING_CATALOGS = YES;
				MTL_ENABLE_DEBUG_INFO = NO;
				MTL_FAST_MATH = YES;
				SDKROOT = iphoneos;
				SWIFT_COMPILATION_MODE = wholemodule;
				VALIDATE_PRODUCT = YES;
			};
			name = Release;
		};
		D96280642CB5C1F700AE3F2F /* Debug */ = {
			isa = XCBuildConfiguration;
			buildSettings = {
				ASSETCATALOG_COMPILER_APPICON_NAME = AppIcon;
				ASSETCATALOG_COMPILER_GLOBAL_ACCENT_COLOR_NAME = AccentColor;
				CODE_SIGN_STYLE = Automatic;
				CURRENT_PROJECT_VERSION = 1;
				DEVELOPMENT_ASSET_PATHS = "\"Poemify/Preview Content\"";
				DEVELOPMENT_TEAM = VY5J3YN9DS;
				ENABLE_PREVIEWS = YES;
				GENERATE_INFOPLIST_FILE = YES;
				INFOPLIST_KEY_UIApplicationSceneManifest_Generation = YES;
				INFOPLIST_KEY_UIApplicationSupportsIndirectInputEvents = YES;
				INFOPLIST_KEY_UILaunchScreen_Generation = YES;
				INFOPLIST_KEY_UISupportedInterfaceOrientations_iPad = "UIInterfaceOrientationPortrait UIInterfaceOrientationPortraitUpsideDown UIInterfaceOrientationLandscapeLeft UIInterfaceOrientationLandscapeRight";
				INFOPLIST_KEY_UISupportedInterfaceOrientations_iPhone = "UIInterfaceOrientationPortrait UIInterfaceOrientationLandscapeLeft UIInterfaceOrientationLandscapeRight";
				LD_RUNPATH_SEARCH_PATHS = (
					"$(inherited)",
					"@executable_path/Frameworks",
				);
				MARKETING_VERSION = 1.0;
				PRODUCT_BUNDLE_IDENTIFIER = me.doloban.artem.Poemify;
				PRODUCT_NAME = "$(TARGET_NAME)";
				SWIFT_EMIT_LOC_STRINGS = YES;
				SWIFT_VERSION = 5.0;
				TARGETED_DEVICE_FAMILY = "1,2";
			};
			name = Debug;
		};
		D96280652CB5C1F700AE3F2F /* Release */ = {
			isa = XCBuildConfiguration;
			buildSettings = {
				ASSETCATALOG_COMPILER_APPICON_NAME = AppIcon;
				ASSETCATALOG_COMPILER_GLOBAL_ACCENT_COLOR_NAME = AccentColor;
				CODE_SIGN_STYLE = Automatic;
				CURRENT_PROJECT_VERSION = 1;
				DEVELOPMENT_ASSET_PATHS = "\"Poemify/Preview Content\"";
				DEVELOPMENT_TEAM = VY5J3YN9DS;
				ENABLE_PREVIEWS = YES;
				GENERATE_INFOPLIST_FILE = YES;
				INFOPLIST_KEY_UIApplicationSceneManifest_Generation = YES;
				INFOPLIST_KEY_UIApplicationSupportsIndirectInputEvents = YES;
				INFOPLIST_KEY_UILaunchScreen_Generation = YES;
				INFOPLIST_KEY_UISupportedInterfaceOrientations_iPad = "UIInterfaceOrientationPortrait UIInterfaceOrientationPortraitUpsideDown UIInterfaceOrientationLandscapeLeft UIInterfaceOrientationLandscapeRight";
				INFOPLIST_KEY_UISupportedInterfaceOrientations_iPhone = "UIInterfaceOrientationPortrait UIInterfaceOrientationLandscapeLeft UIInterfaceOrientationLandscapeRight";
				LD_RUNPATH_SEARCH_PATHS = (
					"$(inherited)",
					"@executable_path/Frameworks",
				);
				MARKETING_VERSION = 1.0;
				PRODUCT_BUNDLE_IDENTIFIER = me.doloban.artem.Poemify;
				PRODUCT_NAME = "$(TARGET_NAME)";
				SWIFT_EMIT_LOC_STRINGS = YES;
				SWIFT_VERSION = 5.0;
				TARGETED_DEVICE_FAMILY = "1,2";
			};
			name = Release;
		};
/* End XCBuildConfiguration section */

/* Begin XCConfigurationList section */
		D96280502CB5C1F600AE3F2F /* Build configuration list for PBXProject "Poemify" */ = {
			isa = XCConfigurationList;
			buildConfigurations = (
				D96280612CB5C1F700AE3F2F /* Debug */,
				D96280622CB5C1F700AE3F2F /* Release */,
			);
			defaultConfigurationIsVisible = 0;
			defaultConfigurationName = Release;
		};
		D96280632CB5C1F700AE3F2F /* Build configuration list for PBXNativeTarget "Poemify" */ = {
			isa = XCConfigurationList;
			buildConfigurations = (
				D96280642CB5C1F700AE3F2F /* Debug */,
				D96280652CB5C1F700AE3F2F /* Release */,
			);
			defaultConfigurationIsVisible = 0;
			defaultConfigurationName = Release;
		};
/* End XCConfigurationList section */
	};
	rootObject = D962804D2CB5C1F600AE3F2F /* Project object */;
}
